// !$*UTF8*$!
{
	archiveVersion = 1;
	classes = {
	};
	objectVersion = 46;
	objects = {

/* Begin PBXBuildFile section */
		579245BC17215918006CEFD4 /* aluminum.png in Resources */ = {isa = PBXBuildFile; fileRef = 579245B917215918006CEFD4 /* aluminum.png */; };
		579245BD17215918006CEFD4 /* gold.png in Resources */ = {isa = PBXBuildFile; fileRef = 579245BA17215918006CEFD4 /* gold.png */; };
		579245BE17215918006CEFD4 /* rainbow.png in Resources */ = {isa = PBXBuildFile; fileRef = 579245BB17215918006CEFD4 /* rainbow.png */; };
		579245C317217E34006CEFD4 /* steve1.jpg in Resources */ = {isa = PBXBuildFile; fileRef = 579245BF17217E34006CEFD4 /* steve1.jpg */; };
		579245C417217E34006CEFD4 /* steve2.jpg in Resources */ = {isa = PBXBuildFile; fileRef = 579245C017217E34006CEFD4 /* steve2.jpg */; };
		579245C517217E34006CEFD4 /* steve3.jpeg in Resources */ = {isa = PBXBuildFile; fileRef = 579245C117217E34006CEFD4 /* steve3.jpeg */; };
		579245C617217E34006CEFD4 /* steve4.jpg in Resources */ = {isa = PBXBuildFile; fileRef = 579245C217217E34006CEFD4 /* steve4.jpg */; };
		579245CA17219FBD006CEFD4 /* applelogo.png in Resources */ = {isa = PBXBuildFile; fileRef = 579245C917219FBD006CEFD4 /* applelogo.png */; };
		57999858171FF77100D9F1C1 /* MMInfiniteScroll.m in Sources */ = {isa = PBXBuildFile; fileRef = 57999857171FF77100D9F1C1 /* MMInfiniteScroll.m */; };
		5799985D1720413A00D9F1C1 /* MMParallaxScroll.m in Sources */ = {isa = PBXBuildFile; fileRef = 5799985C1720413A00D9F1C1 /* MMParallaxScroll.m */; };
		57A7D1EF171F0F1D0014B777 /* UIKit.framework in Frameworks */ = {isa = PBXBuildFile; fileRef = 57A7D1EE171F0F1D0014B777 /* UIKit.framework */; };
		57A7D1F1171F0F1D0014B777 /* Foundation.framework in Frameworks */ = {isa = PBXBuildFile; fileRef = 57A7D1F0171F0F1D0014B777 /* Foundation.framework */; };
		57A7D1F3171F0F1D0014B777 /* CoreGraphics.framework in Frameworks */ = {isa = PBXBuildFile; fileRef = 57A7D1F2171F0F1D0014B777 /* CoreGraphics.framework */; };
		57A7D1F9171F0F1D0014B777 /* InfoPlist.strings in Resources */ = {isa = PBXBuildFile; fileRef = 57A7D1F7171F0F1D0014B777 /* InfoPlist.strings */; };
		57A7D1FB171F0F1D0014B777 /* main.m in Sources */ = {isa = PBXBuildFile; fileRef = 57A7D1FA171F0F1D0014B777 /* main.m */; };
		57A7D1FF171F0F1D0014B777 /* MMAppDelegate.m in Sources */ = {isa = PBXBuildFile; fileRef = 57A7D1FE171F0F1D0014B777 /* MMAppDelegate.m */; };
		57A7D201171F0F1D0014B777 /* Default.png in Resources */ = {isa = PBXBuildFile; fileRef = 57A7D200171F0F1D0014B777 /* Default.png */; };
		57A7D203171F0F1D0014B777 /* Default@2x.png in Resources */ = {isa = PBXBuildFile; fileRef = 57A7D202171F0F1D0014B777 /* Default@2x.png */; };
		57A7D205171F0F1D0014B777 /* Default-568h@2x.png in Resources */ = {isa = PBXBuildFile; fileRef = 57A7D204171F0F1D0014B777 /* Default-568h@2x.png */; };
		57A7D208171F0F1D0014B777 /* MainStoryboard.storyboard in Resources */ = {isa = PBXBuildFile; fileRef = 57A7D206171F0F1D0014B777 /* MainStoryboard.storyboard */; };
		57A7D20B171F0F1D0014B777 /* MMViewController.m in Sources */ = {isa = PBXBuildFile; fileRef = 57A7D20A171F0F1D0014B777 /* MMViewController.m */; };
/* End PBXBuildFile section */

/* Begin PBXFileReference section */
		579245B917215918006CEFD4 /* aluminum.png */ = {isa = PBXFileReference; lastKnownFileType = image.png; path = aluminum.png; sourceTree = "<group>"; };
		579245BA17215918006CEFD4 /* gold.png */ = {isa = PBXFileReference; lastKnownFileType = image.png; path = gold.png; sourceTree = "<group>"; };
		579245BB17215918006CEFD4 /* rainbow.png */ = {isa = PBXFileReference; lastKnownFileType = image.png; path = rainbow.png; sourceTree = "<group>"; };
		579245BF17217E34006CEFD4 /* steve1.jpg */ = {isa = PBXFileReference; lastKnownFileType = image.jpeg; path = steve1.jpg; sourceTree = "<group>"; };
		579245C017217E34006CEFD4 /* steve2.jpg */ = {isa = PBXFileReference; lastKnownFileType = image.jpeg; path = steve2.jpg; sourceTree = "<group>"; };
		579245C117217E34006CEFD4 /* steve3.jpeg */ = {isa = PBXFileReference; lastKnownFileType = image.jpeg; path = steve3.jpeg; sourceTree = "<group>"; };
		579245C217217E34006CEFD4 /* steve4.jpg */ = {isa = PBXFileReference; lastKnownFileType = image.jpeg; path = steve4.jpg; sourceTree = "<group>"; };
		579245C917219FBD006CEFD4 /* applelogo.png */ = {isa = PBXFileReference; lastKnownFileType = image.png; path = applelogo.png; sourceTree = "<group>"; };
		57999856171FF77100D9F1C1 /* MMInfiniteScroll.h */ = {isa = PBXFileReference; fileEncoding = 4; lastKnownFileType = sourcecode.c.h; path = MMInfiniteScroll.h; sourceTree = "<group>"; };
		57999857171FF77100D9F1C1 /* MMInfiniteScroll.m */ = {isa = PBXFileReference; fileEncoding = 4; lastKnownFileType = sourcecode.c.objc; path = MMInfiniteScroll.m; sourceTree = "<group>"; };
		5799985B1720413A00D9F1C1 /* MMParallaxScroll.h */ = {isa = PBXFileReference; fileEncoding = 4; lastKnownFileType = sourcecode.c.h; path = MMParallaxScroll.h; sourceTree = "<group>"; };
		5799985C1720413A00D9F1C1 /* MMParallaxScroll.m */ = {isa = PBXFileReference; fileEncoding = 4; lastKnownFileType = sourcecode.c.objc; path = MMParallaxScroll.m; sourceTree = "<group>"; };
		57A7D1EB171F0F1D0014B777 /* InfiniteScroll.app */ = {isa = PBXFileReference; explicitFileType = wrapper.application; includeInIndex = 0; path = InfiniteScroll.app; sourceTree = BUILT_PRODUCTS_DIR; };
		57A7D1EE171F0F1D0014B777 /* UIKit.framework */ = {isa = PBXFileReference; lastKnownFileType = wrapper.framework; name = UIKit.framework; path = System/Library/Frameworks/UIKit.framework; sourceTree = SDKROOT; };
		57A7D1F0171F0F1D0014B777 /* Foundation.framework */ = {isa = PBXFileReference; lastKnownFileType = wrapper.framework; name = Foundation.framework; path = System/Library/Frameworks/Foundation.framework; sourceTree = SDKROOT; };
		57A7D1F2171F0F1D0014B777 /* CoreGraphics.framework */ = {isa = PBXFileReference; lastKnownFileType = wrapper.framework; name = CoreGraphics.framework; path = System/Library/Frameworks/CoreGraphics.framework; sourceTree = SDKROOT; };
		57A7D1F6171F0F1D0014B777 /* InfiniteScroll-Info.plist */ = {isa = PBXFileReference; lastKnownFileType = text.plist.xml; path = "InfiniteScroll-Info.plist"; sourceTree = "<group>"; };
		57A7D1F8171F0F1D0014B777 /* en */ = {isa = PBXFileReference; lastKnownFileType = text.plist.strings; name = en; path = en.lproj/InfoPlist.strings; sourceTree = "<group>"; };
		57A7D1FA171F0F1D0014B777 /* main.m */ = {isa = PBXFileReference; lastKnownFileType = sourcecode.c.objc; path = main.m; sourceTree = "<group>"; };
		57A7D1FC171F0F1D0014B777 /* InfiniteScroll-Prefix.pch */ = {isa = PBXFileReference; lastKnownFileType = sourcecode.c.h; path = "InfiniteScroll-Prefix.pch"; sourceTree = "<group>"; };
		57A7D1FD171F0F1D0014B777 /* MMAppDelegate.h */ = {isa = PBXFileReference; lastKnownFileType = sourcecode.c.h; path = MMAppDelegate.h; sourceTree = "<group>"; };
		57A7D1FE171F0F1D0014B777 /* MMAppDelegate.m */ = {isa = PBXFileReference; lastKnownFileType = sourcecode.c.objc; path = MMAppDelegate.m; sourceTree = "<group>"; };
		57A7D200171F0F1D0014B777 /* Default.png */ = {isa = PBXFileReference; lastKnownFileType = image.png; path = Default.png; sourceTree = "<group>"; };
		57A7D202171F0F1D0014B777 /* Default@2x.png */ = {isa = PBXFileReference; lastKnownFileType = image.png; path = "Default@2x.png"; sourceTree = "<group>"; };
		57A7D204171F0F1D0014B777 /* Default-568h@2x.png */ = {isa = PBXFileReference; lastKnownFileType = image.png; path = "Default-568h@2x.png"; sourceTree = "<group>"; };
		57A7D207171F0F1D0014B777 /* en */ = {isa = PBXFileReference; lastKnownFileType = file.storyboard; name = en; path = en.lproj/MainStoryboard.storyboard; sourceTree = "<group>"; };
		57A7D209171F0F1D0014B777 /* MMViewController.h */ = {isa = PBXFileReference; lastKnownFileType = sourcecode.c.h; path = MMViewController.h; sourceTree = "<group>"; };
		57A7D20A171F0F1D0014B777 /* MMViewController.m */ = {isa = PBXFileReference; lastKnownFileType = sourcecode.c.objc; path = MMViewController.m; sourceTree = "<group>"; };
/* End PBXFileReference section */

/* Begin PBXFrameworksBuildPhase section */
		57A7D1E8171F0F1D0014B777 /* Frameworks */ = {
			isa = PBXFrameworksBuildPhase;
			buildActionMask = 2147483647;
			files = (
				57A7D1EF171F0F1D0014B777 /* UIKit.framework in Frameworks */,
				57A7D1F1171F0F1D0014B777 /* Foundation.framework in Frameworks */,
				57A7D1F3171F0F1D0014B777 /* CoreGraphics.framework in Frameworks */,
			);
			runOnlyForDeploymentPostprocessing = 0;
		};
/* End PBXFrameworksBuildPhase section */

/* Begin PBXGroup section */
		579245B817215909006CEFD4 /* Images */ = {
			isa = PBXGroup;
			children = (
				579245BF17217E34006CEFD4 /* steve1.jpg */,
				579245C017217E34006CEFD4 /* steve2.jpg */,
				579245C117217E34006CEFD4 /* steve3.jpeg */,
				579245C217217E34006CEFD4 /* steve4.jpg */,
				579245B917215918006CEFD4 /* aluminum.png */,
				579245BA17215918006CEFD4 /* gold.png */,
				579245BB17215918006CEFD4 /* rainbow.png */,
				579245C917219FBD006CEFD4 /* applelogo.png */,
			);
			name = Images;
			sourceTree = "<group>";
		};
		57A7D1E2171F0F1D0014B777 = {
			isa = PBXGroup;
			children = (
				57A7D1F4171F0F1D0014B777 /* InfiniteScroll */,
				57A7D1ED171F0F1D0014B777 /* Frameworks */,
				57A7D1EC171F0F1D0014B777 /* Products */,
			);
			sourceTree = "<group>";
		};
		57A7D1EC171F0F1D0014B777 /* Products */ = {
			isa = PBXGroup;
			children = (
				57A7D1EB171F0F1D0014B777 /* InfiniteScroll.app */,
			);
			name = Products;
			sourceTree = "<group>";
		};
		57A7D1ED171F0F1D0014B777 /* Frameworks */ = {
			isa = PBXGroup;
			children = (
				57A7D1EE171F0F1D0014B777 /* UIKit.framework */,
				57A7D1F0171F0F1D0014B777 /* Foundation.framework */,
				57A7D1F2171F0F1D0014B777 /* CoreGraphics.framework */,
			);
			name = Frameworks;
			sourceTree = "<group>";
		};
		57A7D1F4171F0F1D0014B777 /* InfiniteScroll */ = {
			isa = PBXGroup;
			children = (
				579245B817215909006CEFD4 /* Images */,
				57A7D1FD171F0F1D0014B777 /* MMAppDelegate.h */,
				57A7D1FE171F0F1D0014B777 /* MMAppDelegate.m */,
				57A7D206171F0F1D0014B777 /* MainStoryboard.storyboard */,
				57A7D209171F0F1D0014B777 /* MMViewController.h */,
				57A7D20A171F0F1D0014B777 /* MMViewController.m */,
				57A7D1F5171F0F1D0014B777 /* Supporting Files */,
				57999856171FF77100D9F1C1 /* MMInfiniteScroll.h */,
				57999857171FF77100D9F1C1 /* MMInfiniteScroll.m */,
				5799985B1720413A00D9F1C1 /* MMParallaxScroll.h */,
				5799985C1720413A00D9F1C1 /* MMParallaxScroll.m */,
			);
			path = InfiniteScroll;
			sourceTree = "<group>";
		};
		57A7D1F5171F0F1D0014B777 /* Supporting Files */ = {
			isa = PBXGroup;
			children = (
				57A7D1F6171F0F1D0014B777 /* InfiniteScroll-Info.plist */,
				57A7D1F7171F0F1D0014B777 /* InfoPlist.strings */,
				57A7D1FA171F0F1D0014B777 /* main.m */,
				57A7D1FC171F0F1D0014B777 /* InfiniteScroll-Prefix.pch */,
				57A7D200171F0F1D0014B777 /* Default.png */,
				57A7D202171F0F1D0014B777 /* Default@2x.png */,
				57A7D204171F0F1D0014B777 /* Default-568h@2x.png */,
			);
			name = "Supporting Files";
			sourceTree = "<group>";
		};
/* End PBXGroup section */

/* Begin PBXNativeTarget section */
		57A7D1EA171F0F1D0014B777 /* InfiniteScroll */ = {
			isa = PBXNativeTarget;
			buildConfigurationList = 57A7D20E171F0F1D0014B777 /* Build configuration list for PBXNativeTarget "InfiniteScroll" */;
			buildPhases = (
				57A7D1E7171F0F1D0014B777 /* Sources */,
				57A7D1E8171F0F1D0014B777 /* Frameworks */,
				57A7D1E9171F0F1D0014B777 /* Resources */,
			);
			buildRules = (
			);
			dependencies = (
			);
			name = InfiniteScroll;
			productName = InfiniteScroll;
			productReference = 57A7D1EB171F0F1D0014B777 /* InfiniteScroll.app */;
			productType = "com.apple.product-type.application";
		};
/* End PBXNativeTarget section */

/* Begin PBXProject section */
		57A7D1E3171F0F1D0014B777 /* Project object */ = {
			isa = PBXProject;
			attributes = {
				CLASSPREFIX = MM;
				LastUpgradeCheck = 0460;
				ORGANIZATIONNAME = "Emil Marashliev";
			};
			buildConfigurationList = 57A7D1E6171F0F1D0014B777 /* Build configuration list for PBXProject "InfiniteScroll" */;
			compatibilityVersion = "Xcode 3.2";
			developmentRegion = English;
			hasScannedForEncodings = 0;
			knownRegions = (
				en,
			);
			mainGroup = 57A7D1E2171F0F1D0014B777;
			productRefGroup = 57A7D1EC171F0F1D0014B777 /* Products */;
			projectDirPath = "";
			projectRoot = "";
			targets = (
				57A7D1EA171F0F1D0014B777 /* InfiniteScroll */,
			);
		};
/* End PBXProject section */

/* Begin PBXResourcesBuildPhase section */
		57A7D1E9171F0F1D0014B777 /* Resources */ = {
			isa = PBXResourcesBuildPhase;
			buildActionMask = 2147483647;
			files = (
				57A7D1F9171F0F1D0014B777 /* InfoPlist.strings in Resources */,
				57A7D201171F0F1D0014B777 /* Default.png in Resources */,
				57A7D203171F0F1D0014B777 /* Default@2x.png in Resources */,
				57A7D205171F0F1D0014B777 /* Default-568h@2x.png in Resources */,
				57A7D208171F0F1D0014B777 /* MainStoryboard.storyboard in Resources */,
				579245BC17215918006CEFD4 /* aluminum.png in Resources */,
				579245BD17215918006CEFD4 /* gold.png in Resources */,
				579245BE17215918006CEFD4 /* rainbow.png in Resources */,
				579245C317217E34006CEFD4 /* steve1.jpg in Resources */,
				579245C417217E34006CEFD4 /* steve2.jpg in Resources */,
				579245C517217E34006CEFD4 /* steve3.jpeg in Resources */,
				579245C617217E34006CEFD4 /* steve4.jpg in Resources */,
				579245CA17219FBD006CEFD4 /* applelogo.png in Resources */,
			);
			runOnlyForDeploymentPostprocessing = 0;
		};
/* End PBXResourcesBuildPhase section */

/* Begin PBXSourcesBuildPhase section */
		57A7D1E7171F0F1D0014B777 /* Sources */ = {
			isa = PBXSourcesBuildPhase;
			buildActionMask = 2147483647;
			files = (
				57A7D1FB171F0F1D0014B777 /* main.m in Sources */,
				57A7D1FF171F0F1D0014B777 /* MMAppDelegate.m in Sources */,
				57A7D20B171F0F1D0014B777 /* MMViewController.m in Sources */,
				57999858171FF77100D9F1C1 /* MMInfiniteScroll.m in Sources */,
				5799985D1720413A00D9F1C1 /* MMParallaxScroll.m in Sources */,
			);
			runOnlyForDeploymentPostprocessing = 0;
		};
/* End PBXSourcesBuildPhase section */

/* Begin PBXVariantGroup section */
		57A7D1F7171F0F1D0014B777 /* InfoPlist.strings */ = {
			isa = PBXVariantGroup;
			children = (
				57A7D1F8171F0F1D0014B777 /* en */,
			);
			name = InfoPlist.strings;
			sourceTree = "<group>";
		};
		57A7D206171F0F1D0014B777 /* MainStoryboard.storyboard */ = {
			isa = PBXVariantGroup;
			children = (
				57A7D207171F0F1D0014B777 /* en */,
			);
			name = MainStoryboard.storyboard;
			sourceTree = "<group>";
		};
/* End PBXVariantGroup section */

/* Begin XCBuildConfiguration section */
		57A7D20C171F0F1D0014B777 /* Debug */ = {
			isa = XCBuildConfiguration;
			buildSettings = {
				ALWAYS_SEARCH_USER_PATHS = NO;
				CLANG_CXX_LANGUAGE_STANDARD = "gnu++0x";
				CLANG_CXX_LIBRARY = "libc++";
				CLANG_ENABLE_OBJC_ARC = YES;
				CLANG_WARN_CONSTANT_CONVERSION = YES;
				CLANG_WARN_EMPTY_BODY = YES;
				CLANG_WARN_ENUM_CONVERSION = YES;
				CLANG_WARN_INT_CONVERSION = YES;
				CLANG_WARN__DUPLICATE_METHOD_MATCH = YES;
				"CODE_SIGN_IDENTITY[sdk=iphoneos*]" = "iPhone Developer";
				COPY_PHASE_STRIP = NO;
				GCC_C_LANGUAGE_STANDARD = gnu99;
				GCC_DYNAMIC_NO_PIC = NO;
				GCC_OPTIMIZATION_LEVEL = 0;
				GCC_PREPROCESSOR_DEFINITIONS = (
					"DEBUG=1",
					"$(inherited)",
				);
				GCC_SYMBOLS_PRIVATE_EXTERN = NO;
				GCC_WARN_ABOUT_RETURN_TYPE = YES;
				GCC_WARN_UNINITIALIZED_AUTOS = YES;
				GCC_WARN_UNUSED_VARIABLE = YES;
				IPHONEOS_DEPLOYMENT_TARGET = 6.1;
				ONLY_ACTIVE_ARCH = YES;
				SDKROOT = iphoneos;
			};
			name = Debug;
		};
		57A7D20D171F0F1D0014B777 /* Release */ = {
			isa = XCBuildConfiguration;
			buildSettings = {
				ALWAYS_SEARCH_USER_PATHS = NO;
				CLANG_CXX_LANGUAGE_STANDARD = "gnu++0x";
				CLANG_CXX_LIBRARY = "libc++";
				CLANG_ENABLE_OBJC_ARC = YES;
				CLANG_WARN_CONSTANT_CONVERSION = YES;
				CLANG_WARN_EMPTY_BODY = YES;
				CLANG_WARN_ENUM_CONVERSION = YES;
				CLANG_WARN_INT_CONVERSION = YES;
				CLANG_WARN__DUPLICATE_METHOD_MATCH = YES;
				"CODE_SIGN_IDENTITY[sdk=iphoneos*]" = "iPhone Developer";
				COPY_PHASE_STRIP = YES;
				GCC_C_LANGUAGE_STANDARD = gnu99;
				GCC_WARN_ABOUT_RETURN_TYPE = YES;
				GCC_WARN_UNINITIALIZED_AUTOS = YES;
				GCC_WARN_UNUSED_VARIABLE = YES;
				IPHONEOS_DEPLOYMENT_TARGET = 6.1;
				OTHER_CFLAGS = "-DNS_BLOCK_ASSERTIONS=1";
				SDKROOT = iphoneos;
				VALIDATE_PRODUCT = YES;
			};
			name = Release;
		};
		57A7D20F171F0F1D0014B777 /* Debug */ = {
			isa = XCBuildConfiguration;
			buildSettings = {
				GCC_PRECOMPILE_PREFIX_HEADER = YES;
				GCC_PREFIX_HEADER = "InfiniteScroll/InfiniteScroll-Prefix.pch";
				INFOPLIST_FILE = "InfiniteScroll/InfiniteScroll-Info.plist";
				PRODUCT_NAME = "$(TARGET_NAME)";
				WRAPPER_EXTENSION = app;
			};
			name = Debug;
		};
		57A7D210171F0F1D0014B777 /* Release */ = {
			isa = XCBuildConfiguration;
			buildSettings = {
				GCC_PRECOMPILE_PREFIX_HEADER = YES;
				GCC_PREFIX_HEADER = "InfiniteScroll/InfiniteScroll-Prefix.pch";
				INFOPLIST_FILE = "InfiniteScroll/InfiniteScroll-Info.plist";
				PRODUCT_NAME = "$(TARGET_NAME)";
				WRAPPER_EXTENSION = app;
			};
			name = Release;
		};
/* End XCBuildConfiguration section */

/* Begin XCConfigurationList section */
		57A7D1E6171F0F1D0014B777 /* Build configuration list for PBXProject "InfiniteScroll" */ = {
			isa = XCConfigurationList;
			buildConfigurations = (
				57A7D20C171F0F1D0014B777 /* Debug */,
				57A7D20D171F0F1D0014B777 /* Release */,
			);
			defaultConfigurationIsVisible = 0;
			defaultConfigurationName = Release;
		};
		57A7D20E171F0F1D0014B777 /* Build configuration list for PBXNativeTarget "InfiniteScroll" */ = {
			isa = XCConfigurationList;
			buildConfigurations = (
				57A7D20F171F0F1D0014B777 /* Debug */,
				57A7D210171F0F1D0014B777 /* Release */,
			);
			defaultConfigurationIsVisible = 0;
			defaultConfigurationName = Release;
		};
/* End XCConfigurationList section */
	};
	rootObject = 57A7D1E3171F0F1D0014B777 /* Project object */;
}
